<?xml version="1.0" encoding="utf-8"?>
<Project ToolsVersion="4.0" xmlns="http://schemas.microsoft.com/developer/msbuild/2003">
  <ItemGroup>
    <Filter Include="Resource Files">
      <UniqueIdentifier>{D9D6E242-F8AF-46E4-B9FD-80ECBC20BA3E}</UniqueIdentifier>
      <Extensions>qrc;*</Extensions>
      <ParseFiles>false</ParseFiles>
    </Filter>
    <Filter Include="Form Files">
      <UniqueIdentifier>{99349809-55BA-4b9d-BF79-8FDBB0286EB3}</UniqueIdentifier>
      <Extensions>ui</Extensions>
    </Filter>
    <Filter Include="Resource Files">
      <UniqueIdentifier>{D9D6E242-F8AF-46E4-B9FD-80ECBC20BA3E}</UniqueIdentifier>
      <Extensions>qrc;*</Extensions>
      <ParseFiles>false</ParseFiles>
    </Filter>
    <Filter Include="Generated Files">
      <UniqueIdentifier>{71ED8ED8-ACB9-4CE9-BBE1-E00B30144E11}</UniqueIdentifier>
      <Extensions>moc;h;cpp</Extensions>
      <SourceControlFiles>False</SourceControlFiles>
    </Filter>
    <Filter Include="Application">
      <UniqueIdentifier>{4FC737F1-C7A5-4376-A066-2A32D752A2FF}</UniqueIdentifier>
      <Extensions>cpp;c;cc;cxx;def;odl;idl;hpj;bat;asm;asmx</Extensions>
    </Filter>
    <Filter Include="Controllers">
      <UniqueIdentifier>{55ddb735-84ef-4544-9c76-0b10de76f315}</UniqueIdentifier>
    </Filter>
    <Filter Include="Views">
      <UniqueIdentifier>{2413ac52-1130-4988-a305-9d66d5326b3d}</UniqueIdentifier>
    </Filter>
    <Filter Include="Models">
      <UniqueIdentifier>{02a4c13f-0631-487c-b051-a4f99ed2e174}</UniqueIdentifier>
    </Filter>
    <Filter Include="Assets">
      <UniqueIdentifier>{06cd646b-1bc2-4dbe-8f7a-98977da20e84}</UniqueIdentifier>
    </Filter>
    <Filter Include="Assets\Images">
      <UniqueIdentifier>{d062a302-0535-4302-a1ea-65ef7944866b}</UniqueIdentifier>
    </Filter>
    <Filter Include="DataAccess">
      <UniqueIdentifier>{2fa5168b-b4d7-490a-bbcd-df354dc4fb48}</UniqueIdentifier>
    </Filter>
  </ItemGroup>
  <ItemGroup>
    <ClCompile Include="main.cpp">
      <Filter>Application</Filter>
    </ClCompile>
    <ClCompile Include="MainWindowController.cpp">
      <Filter>Controllers</Filter>
    </ClCompile>
    <ClCompile Include="MainWindowView.cpp">
      <Filter>Views</Filter>
    </ClCompile>
    <ClCompile Include="EventButtonModel.cpp">
      <Filter>Models</Filter>
    </ClCompile>
    <ClCompile Include="EventButtonView.cpp">
      <Filter>Views</Filter>
    </ClCompile>
    <ClCompile Include="BackgroundImageModel.cpp">
      <Filter>Models</Filter>
    </ClCompile>
    <ClCompile Include="JsonRequestModel.cpp">
      <Filter>Models</Filter>
    </ClCompile>
    <ClCompile Include="KeyboardInputController.cpp">
      <Filter>Controllers</Filter>
    </ClCompile>
  </ItemGroup>
  <ItemGroup>
    <QtUic Include="MainWindowView.ui">
      <Filter>Form Files</Filter>
    </QtUic>
    <QtUic Include="EventButtonView.ui">
      <Filter>Form Files</Filter>
    </QtUic>
  </ItemGroup>
  <ItemGroup>
    <QtRcc Include="MainWindowView.qrc">
      <Filter>Resource Files</Filter>
    </QtRcc>
  </ItemGroup>
  <ItemGroup>
    <ClInclude Include="MainWindowController.h">
      <Filter>Controllers</Filter>
    </ClInclude>
    <ClInclude Include="EventButtonModel.h">
      <Filter>Models</Filter>
    </ClInclude>
    <ClInclude Include="BackgroundImageModel.h">
      <Filter>Models</Filter>
    </ClInclude>
  </ItemGroup>
  <ItemGroup>
    <QtMoc Include="MainWindowView.h">
      <Filter>Views</Filter>
    </QtMoc>
    <QtMoc Include="EventButtonView.h">
      <Filter>Views</Filter>
    </QtMoc>
    <QtMoc Include="JsonRequestModel.h">
      <Filter>Models</Filter>
    </QtMoc>
    <QtMoc Include="KeyboardInputController.h">
      <Filter>Controllers</Filter>
    </QtMoc>
  </ItemGroup>
  <ItemGroup>
    <Image Include="Assets\Images\AppBackground.jpg">
      <Filter>Assets\Images</Filter>
    </Image>
  </ItemGroup>
</Project>